// !$*UTF8*$!
{
	archiveVersion = 1;
	classes = {
	};
	objectVersion = 46;
	objects = {

/* Begin PBXBuildFile section */
		5314FE8119133E00009A0CCF /* Foundation.framework in Frameworks */ = {isa = PBXBuildFile; fileRef = 5314FE8019133E00009A0CCF /* Foundation.framework */; };
		5314FE8319133E00009A0CCF /* CoreGraphics.framework in Frameworks */ = {isa = PBXBuildFile; fileRef = 5314FE8219133E00009A0CCF /* CoreGraphics.framework */; };
		5314FE8519133E00009A0CCF /* UIKit.framework in Frameworks */ = {isa = PBXBuildFile; fileRef = 5314FE8419133E00009A0CCF /* UIKit.framework */; };
		5314FE8719133E00009A0CCF /* SpriteKit.framework in Frameworks */ = {isa = PBXBuildFile; fileRef = 5314FE8619133E00009A0CCF /* SpriteKit.framework */; };
		5314FE8D19133E00009A0CCF /* InfoPlist.strings in Resources */ = {isa = PBXBuildFile; fileRef = 5314FE8B19133E00009A0CCF /* InfoPlist.strings */; };
		5314FE8F19133E00009A0CCF /* main.m in Sources */ = {isa = PBXBuildFile; fileRef = 5314FE8E19133E00009A0CCF /* main.m */; };
		5314FE9319133E00009A0CCF /* AEAppDelegate.m in Sources */ = {isa = PBXBuildFile; fileRef = 5314FE9219133E00009A0CCF /* AEAppDelegate.m */; };
		5314FE9619133E00009A0CCF /* Main.storyboard in Resources */ = {isa = PBXBuildFile; fileRef = 5314FE9419133E00009A0CCF /* Main.storyboard */; };
		5314FE9919133E00009A0CCF /* AEViewController.m in Sources */ = {isa = PBXBuildFile; fileRef = 5314FE9819133E00009A0CCF /* AEViewController.m */; };
		5314FE9C19133E00009A0CCF /* AEMyScene.m in Sources */ = {isa = PBXBuildFile; fileRef = 5314FE9B19133E00009A0CCF /* AEMyScene.m */; };
		5314FE9E19133E00009A0CCF /* Spaceship.png in Resources */ = {isa = PBXBuildFile; fileRef = 5314FE9D19133E00009A0CCF /* Spaceship.png */; };
		5314FEA019133E00009A0CCF /* Images.xcassets in Resources */ = {isa = PBXBuildFile; fileRef = 5314FE9F19133E00009A0CCF /* Images.xcassets */; };
		5314FEA719133E01009A0CCF /* XCTest.framework in Frameworks */ = {isa = PBXBuildFile; fileRef = 5314FEA619133E01009A0CCF /* XCTest.framework */; };
		5314FEA819133E01009A0CCF /* Foundation.framework in Frameworks */ = {isa = PBXBuildFile; fileRef = 5314FE8019133E00009A0CCF /* Foundation.framework */; };
		5314FEA919133E01009A0CCF /* UIKit.framework in Frameworks */ = {isa = PBXBuildFile; fileRef = 5314FE8419133E00009A0CCF /* UIKit.framework */; };
		5314FEB119133E01009A0CCF /* InfoPlist.strings in Resources */ = {isa = PBXBuildFile; fileRef = 5314FEAF19133E01009A0CCF /* InfoPlist.strings */; };
		5314FEB319133E01009A0CCF /* PlinkoTests.m in Sources */ = {isa = PBXBuildFile; fileRef = 5314FEB219133E01009A0CCF /* PlinkoTests.m */; };
/* End PBXBuildFile section */

/* Begin PBXContainerItemProxy section */
		5314FEAA19133E01009A0CCF /* PBXContainerItemProxy */ = {
			isa = PBXContainerItemProxy;
			containerPortal = 5314FE7519133E00009A0CCF /* Project object */;
			proxyType = 1;
			remoteGlobalIDString = 5314FE7C19133E00009A0CCF;
			remoteInfo = Plinko;
		};
/* End PBXContainerItemProxy section */

/* Begin PBXFileReference section */
		5314FE7D19133E00009A0CCF /* Plinko.app */ = {isa = PBXFileReference; explicitFileType = wrapper.application; includeInIndex = 0; path = Plinko.app; sourceTree = BUILT_PRODUCTS_DIR; };
		5314FE8019133E00009A0CCF /* Foundation.framework */ = {isa = PBXFileReference; lastKnownFileType = wrapper.framework; name = Foundation.framework; path = System/Library/Frameworks/Foundation.framework; sourceTree = SDKROOT; };
		5314FE8219133E00009A0CCF /* CoreGraphics.framework */ = {isa = PBXFileReference; lastKnownFileType = wrapper.framework; name = CoreGraphics.framework; path = System/Library/Frameworks/CoreGraphics.framework; sourceTree = SDKROOT; };
		5314FE8419133E00009A0CCF /* UIKit.framework */ = {isa = PBXFileReference; lastKnownFileType = wrapper.framework; name = UIKit.framework; path = System/Library/Frameworks/UIKit.framework; sourceTree = SDKROOT; };
		5314FE8619133E00009A0CCF /* SpriteKit.framework */ = {isa = PBXFileReference; lastKnownFileType = wrapper.framework; name = SpriteKit.framework; path = System/Library/Frameworks/SpriteKit.framework; sourceTree = SDKROOT; };
		5314FE8A19133E00009A0CCF /* Plinko-Info.plist */ = {isa = PBXFileReference; lastKnownFileType = text.plist.xml; path = "Plinko-Info.plist"; sourceTree = "<group>"; };
		5314FE8C19133E00009A0CCF /* en */ = {isa = PBXFileReference; lastKnownFileType = text.plist.strings; name = en; path = en.lproj/InfoPlist.strings; sourceTree = "<group>"; };
		5314FE8E19133E00009A0CCF /* main.m */ = {isa = PBXFileReference; lastKnownFileType = sourcecode.c.objc; path = main.m; sourceTree = "<group>"; };
		5314FE9019133E00009A0CCF /* Plinko-Prefix.pch */ = {isa = PBXFileReference; lastKnownFileType = sourcecode.c.h; path = "Plinko-Prefix.pch"; sourceTree = "<group>"; };
		5314FE9119133E00009A0CCF /* AEAppDelegate.h */ = {isa = PBXFileReference; lastKnownFileType = sourcecode.c.h; path = AEAppDelegate.h; sourceTree = "<group>"; };
		5314FE9219133E00009A0CCF /* AEAppDelegate.m */ = {isa = PBXFileReference; lastKnownFileType = sourcecode.c.objc; path = AEAppDelegate.m; sourceTree = "<group>"; };
		5314FE9519133E00009A0CCF /* Base */ = {isa = PBXFileReference; lastKnownFileType = file.storyboard; name = Base; path = Base.lproj/Main.storyboard; sourceTree = "<group>"; };
		5314FE9719133E00009A0CCF /* AEViewController.h */ = {isa = PBXFileReference; lastKnownFileType = sourcecode.c.h; path = AEViewController.h; sourceTree = "<group>"; };
		5314FE9819133E00009A0CCF /* AEViewController.m */ = {isa = PBXFileReference; lastKnownFileType = sourcecode.c.objc; path = AEViewController.m; sourceTree = "<group>"; };
		5314FE9A19133E00009A0CCF /* AEMyScene.h */ = {isa = PBXFileReference; lastKnownFileType = sourcecode.c.h; path = AEMyScene.h; sourceTree = "<group>"; };
		5314FE9B19133E00009A0CCF /* AEMyScene.m */ = {isa = PBXFileReference; lastKnownFileType = sourcecode.c.objc; path = AEMyScene.m; sourceTree = "<group>"; };
		5314FE9D19133E00009A0CCF /* Spaceship.png */ = {isa = PBXFileReference; lastKnownFileType = image.png; path = Spaceship.png; sourceTree = "<group>"; };
		5314FE9F19133E00009A0CCF /* Images.xcassets */ = {isa = PBXFileReference; lastKnownFileType = folder.assetcatalog; path = Images.xcassets; sourceTree = "<group>"; };
		5314FEA519133E01009A0CCF /* PlinkoTests.xctest */ = {isa = PBXFileReference; explicitFileType = wrapper.cfbundle; includeInIndex = 0; path = PlinkoTests.xctest; sourceTree = BUILT_PRODUCTS_DIR; };
		5314FEA619133E01009A0CCF /* XCTest.framework */ = {isa = PBXFileReference; lastKnownFileType = wrapper.framework; name = XCTest.framework; path = Library/Frameworks/XCTest.framework; sourceTree = DEVELOPER_DIR; };
		5314FEAE19133E01009A0CCF /* PlinkoTests-Info.plist */ = {isa = PBXFileReference; lastKnownFileType = text.plist.xml; path = "PlinkoTests-Info.plist"; sourceTree = "<group>"; };
		5314FEB019133E01009A0CCF /* en */ = {isa = PBXFileReference; lastKnownFileType = text.plist.strings; name = en; path = en.lproj/InfoPlist.strings; sourceTree = "<group>"; };
		5314FEB219133E01009A0CCF /* PlinkoTests.m */ = {isa = PBXFileReference; lastKnownFileType = sourcecode.c.objc; path = PlinkoTests.m; sourceTree = "<group>"; };
/* End PBXFileReference section */

/* Begin PBXFrameworksBuildPhase section */
		5314FE7A19133E00009A0CCF /* Frameworks */ = {
			isa = PBXFrameworksBuildPhase;
			buildActionMask = 2147483647;
			files = (
				5314FE8319133E00009A0CCF /* CoreGraphics.framework in Frameworks */,
				5314FE8519133E00009A0CCF /* UIKit.framework in Frameworks */,
				5314FE8719133E00009A0CCF /* SpriteKit.framework in Frameworks */,
				5314FE8119133E00009A0CCF /* Foundation.framework in Frameworks */,
			);
			runOnlyForDeploymentPostprocessing = 0;
		};
		5314FEA219133E01009A0CCF /* Frameworks */ = {
			isa = PBXFrameworksBuildPhase;
			buildActionMask = 2147483647;
			files = (
				5314FEA719133E01009A0CCF /* XCTest.framework in Frameworks */,
				5314FEA919133E01009A0CCF /* UIKit.framework in Frameworks */,
				5314FEA819133E01009A0CCF /* Foundation.framework in Frameworks */,
			);
			runOnlyForDeploymentPostprocessing = 0;
		};
/* End PBXFrameworksBuildPhase section */

/* Begin PBXGroup section */
		5314FE7419133E00009A0CCF = {
			isa = PBXGroup;
			children = (
				5314FE8819133E00009A0CCF /* Plinko */,
				5314FEAC19133E01009A0CCF /* PlinkoTests */,
				5314FE7F19133E00009A0CCF /* Frameworks */,
				5314FE7E19133E00009A0CCF /* Products */,
			);
			sourceTree = "<group>";
		};
		5314FE7E19133E00009A0CCF /* Products */ = {
			isa = PBXGroup;
			children = (
				5314FE7D19133E00009A0CCF /* Plinko.app */,
				5314FEA519133E01009A0CCF /* PlinkoTests.xctest */,
			);
			name = Products;
			sourceTree = "<group>";
		};
		5314FE7F19133E00009A0CCF /* Frameworks */ = {
			isa = PBXGroup;
			children = (
				5314FE8019133E00009A0CCF /* Foundation.framework */,
				5314FE8219133E00009A0CCF /* CoreGraphics.framework */,
				5314FE8419133E00009A0CCF /* UIKit.framework */,
				5314FE8619133E00009A0CCF /* SpriteKit.framework */,
				5314FEA619133E01009A0CCF /* XCTest.framework */,
			);
			name = Frameworks;
			sourceTree = "<group>";
		};
		5314FE8819133E00009A0CCF /* Plinko */ = {
			isa = PBXGroup;
			children = (
				5314FE9119133E00009A0CCF /* AEAppDelegate.h */,
				5314FE9219133E00009A0CCF /* AEAppDelegate.m */,
				5314FE9419133E00009A0CCF /* Main.storyboard */,
				5314FE9719133E00009A0CCF /* AEViewController.h */,
				5314FE9819133E00009A0CCF /* AEViewController.m */,
				5314FE9A19133E00009A0CCF /* AEMyScene.h */,
				5314FE9B19133E00009A0CCF /* AEMyScene.m */,
				5314FE9D19133E00009A0CCF /* Spaceship.png */,
				5314FE9F19133E00009A0CCF /* Images.xcassets */,
				5314FE8919133E00009A0CCF /* Supporting Files */,
			);
			path = Plinko;
			sourceTree = "<group>";
		};
		5314FE8919133E00009A0CCF /* Supporting Files */ = {
			isa = PBXGroup;
			children = (
				5314FE8A19133E00009A0CCF /* Plinko-Info.plist */,
				5314FE8B19133E00009A0CCF /* InfoPlist.strings */,
				5314FE8E19133E00009A0CCF /* main.m */,
				5314FE9019133E00009A0CCF /* Plinko-Prefix.pch */,
			);
			name = "Supporting Files";
			sourceTree = "<group>";
		};
		5314FEAC19133E01009A0CCF /* PlinkoTests */ = {
			isa = PBXGroup;
			children = (
				5314FEB219133E01009A0CCF /* PlinkoTests.m */,
				5314FEAD19133E01009A0CCF /* Supporting Files */,
			);
			path = PlinkoTests;
			sourceTree = "<group>";
		};
		5314FEAD19133E01009A0CCF /* Supporting Files */ = {
			isa = PBXGroup;
			children = (
				5314FEAE19133E01009A0CCF /* PlinkoTests-Info.plist */,
				5314FEAF19133E01009A0CCF /* InfoPlist.strings */,
			);
			name = "Supporting Files";
			sourceTree = "<group>";
		};
/* End PBXGroup section */

/* Begin PBXNativeTarget section */
		5314FE7C19133E00009A0CCF /* Plinko */ = {
			isa = PBXNativeTarget;
			buildConfigurationList = 5314FEB619133E01009A0CCF /* Build configuration list for PBXNativeTarget "Plinko" */;
			buildPhases = (
				5314FE7919133E00009A0CCF /* Sources */,
				5314FE7A19133E00009A0CCF /* Frameworks */,
				5314FE7B19133E00009A0CCF /* Resources */,
			);
			buildRules = (
			);
			dependencies = (
			);
			name = Plinko;
			productName = Plinko;
			productReference = 5314FE7D19133E00009A0CCF /* Plinko.app */;
			productType = "com.apple.product-type.application";
		};
		5314FEA419133E01009A0CCF /* PlinkoTests */ = {
			isa = PBXNativeTarget;
			buildConfigurationList = 5314FEB919133E01009A0CCF /* Build configuration list for PBXNativeTarget "PlinkoTests" */;
			buildPhases = (
				5314FEA119133E01009A0CCF /* Sources */,
				5314FEA219133E01009A0CCF /* Frameworks */,
				5314FEA319133E01009A0CCF /* Resources */,
			);
			buildRules = (
			);
			dependencies = (
				5314FEAB19133E01009A0CCF /* PBXTargetDependency */,
			);
			name = PlinkoTests;
			productName = PlinkoTests;
			productReference = 5314FEA519133E01009A0CCF /* PlinkoTests.xctest */;
			productType = "com.apple.product-type.bundle.unit-test";
		};
/* End PBXNativeTarget section */

/* Begin PBXProject section */
		5314FE7519133E00009A0CCF /* Project object */ = {
			isa = PBXProject;
			attributes = {
				CLASSPREFIX = AE;
				LastUpgradeCheck = 0510;
				ORGANIZATIONNAME = "Andrew Erickson";
				TargetAttributes = {
					5314FEA419133E01009A0CCF = {
						TestTargetID = 5314FE7C19133E00009A0CCF;
					};
				};
			};
			buildConfigurationList = 5314FE7819133E00009A0CCF /* Build configuration list for PBXProject "Plinko" */;
			compatibilityVersion = "Xcode 3.2";
			developmentRegion = English;
			hasScannedForEncodings = 0;
			knownRegions = (
				en,
				Base,
			);
			mainGroup = 5314FE7419133E00009A0CCF;
			productRefGroup = 5314FE7E19133E00009A0CCF /* Products */;
			projectDirPath = "";
			projectRoot = "";
			targets = (
				5314FE7C19133E00009A0CCF /* Plinko */,
				5314FEA419133E01009A0CCF /* PlinkoTests */,
			);
		};
/* End PBXProject section */

/* Begin PBXResourcesBuildPhase section */
		5314FE7B19133E00009A0CCF /* Resources */ = {
			isa = PBXResourcesBuildPhase;
			buildActionMask = 2147483647;
			files = (
				5314FE8D19133E00009A0CCF /* InfoPlist.strings in Resources */,
				5314FEA019133E00009A0CCF /* Images.xcassets in Resources */,
				5314FE9E19133E00009A0CCF /* Spaceship.png in Resources */,
				5314FE9619133E00009A0CCF /* Main.storyboard in Resources */,
			);
			runOnlyForDeploymentPostprocessing = 0;
		};
		5314FEA319133E01009A0CCF /* Resources */ = {
			isa = PBXResourcesBuildPhase;
			buildActionMask = 2147483647;
			files = (
				5314FEB119133E01009A0CCF /* InfoPlist.strings in Resources */,
			);
			runOnlyForDeploymentPostprocessing = 0;
		};
/* End PBXResourcesBuildPhase section */

/* Begin PBXSourcesBuildPhase section */
		5314FE7919133E00009A0CCF /* Sources */ = {
			isa = PBXSourcesBuildPhase;
			buildActionMask = 2147483647;
			files = (
				5314FE9C19133E00009A0CCF /* AEMyScene.m in Sources */,
				5314FE9319133E00009A0CCF /* AEAppDelegate.m in Sources */,
				5314FE9919133E00009A0CCF /* AEViewController.m in Sources */,
				5314FE8F19133E00009A0CCF /* main.m in Sources */,
			);
			runOnlyForDeploymentPostprocessing = 0;
		};
		5314FEA119133E01009A0CCF /* Sources */ = {
			isa = PBXSourcesBuildPhase;
			buildActionMask = 2147483647;
			files = (
				5314FEB319133E01009A0CCF /* PlinkoTests.m in Sources */,
			);
			runOnlyForDeploymentPostprocessing = 0;
		};
/* End PBXSourcesBuildPhase section */

/* Begin PBXTargetDependency section */
		5314FEAB19133E01009A0CCF /* PBXTargetDependency */ = {
			isa = PBXTargetDependency;
			target = 5314FE7C19133E00009A0CCF /* Plinko */;
			targetProxy = 5314FEAA19133E01009A0CCF /* PBXContainerItemProxy */;
		};
/* End PBXTargetDependency section */

/* Begin PBXVariantGroup section */
		5314FE8B19133E00009A0CCF /* InfoPlist.strings */ = {
			isa = PBXVariantGroup;
			children = (
				5314FE8C19133E00009A0CCF /* en */,
			);
			name = InfoPlist.strings;
			sourceTree = "<group>";
		};
		5314FE9419133E00009A0CCF /* Main.storyboard */ = {
			isa = PBXVariantGroup;
			children = (
				5314FE9519133E00009A0CCF /* Base */,
			);
			name = Main.storyboard;
			sourceTree = "<group>";
		};
		5314FEAF19133E01009A0CCF /* InfoPlist.strings */ = {
			isa = PBXVariantGroup;
			children = (
				5314FEB019133E01009A0CCF /* en */,
			);
			name = InfoPlist.strings;
			sourceTree = "<group>";
		};
/* End PBXVariantGroup section */

/* Begin XCBuildConfiguration section */
		5314FEB419133E01009A0CCF /* Debug */ = {
			isa = XCBuildConfiguration;
			buildSettings = {
				ALWAYS_SEARCH_USER_PATHS = NO;
				CLANG_CXX_LANGUAGE_STANDARD = "gnu++0x";
				CLANG_CXX_LIBRARY = "libc++";
				CLANG_ENABLE_MODULES = YES;
				CLANG_ENABLE_OBJC_ARC = YES;
				CLANG_WARN_BOOL_CONVERSION = YES;
				CLANG_WARN_CONSTANT_CONVERSION = YES;
				CLANG_WARN_DIRECT_OBJC_ISA_USAGE = YES_ERROR;
				CLANG_WARN_EMPTY_BODY = YES;
				CLANG_WARN_ENUM_CONVERSION = YES;
				CLANG_WARN_INT_CONVERSION = YES;
				CLANG_WARN_OBJC_ROOT_CLASS = YES_ERROR;
				CLANG_WARN__DUPLICATE_METHOD_MATCH = YES;
				"CODE_SIGN_IDENTITY[sdk=iphoneos*]" = "iPhone Developer";
				COPY_PHASE_STRIP = NO;
				GCC_C_LANGUAGE_STANDARD = gnu99;
				GCC_DYNAMIC_NO_PIC = NO;
				GCC_OPTIMIZATION_LEVEL = 0;
				GCC_PREPROCESSOR_DEFINITIONS = (
					"DEBUG=1",
					"$(inherited)",
				);
				GCC_SYMBOLS_PRIVATE_EXTERN = NO;
				GCC_WARN_64_TO_32_BIT_CONVERSION = YES;
				GCC_WARN_ABOUT_RETURN_TYPE = YES_ERROR;
				GCC_WARN_UNDECLARED_SELECTOR = YES;
				GCC_WARN_UNINITIALIZED_AUTOS = YES_AGGRESSIVE;
				GCC_WARN_UNUSED_FUNCTION = YES;
				GCC_WARN_UNUSED_VARIABLE = YES;
				IPHONEOS_DEPLOYMENT_TARGET = 7.1;
				ONLY_ACTIVE_ARCH = YES;
				SDKROOT = iphoneos;
			};
			name = Debug;
		};
		5314FEB519133E01009A0CCF /* Release */ = {
			isa = XCBuildConfiguration;
			buildSettings = {
				ALWAYS_SEARCH_USER_PATHS = NO;
				CLANG_CXX_LANGUAGE_STANDARD = "gnu++0x";
				CLANG_CXX_LIBRARY = "libc++";
				CLANG_ENABLE_MODULES = YES;
				CLANG_ENABLE_OBJC_ARC = YES;
				CLANG_WARN_BOOL_CONVERSION = YES;
				CLANG_WARN_CONSTANT_CONVERSION = YES;
				CLANG_WARN_DIRECT_OBJC_ISA_USAGE = YES_ERROR;
				CLANG_WARN_EMPTY_BODY = YES;
				CLANG_WARN_ENUM_CONVERSION = YES;
				CLANG_WARN_INT_CONVERSION = YES;
				CLANG_WARN_OBJC_ROOT_CLASS = YES_ERROR;
				CLANG_WARN__DUPLICATE_METHOD_MATCH = YES;
				"CODE_SIGN_IDENTITY[sdk=iphoneos*]" = "iPhone Developer";
				COPY_PHASE_STRIP = YES;
				ENABLE_NS_ASSERTIONS = NO;
				GCC_C_LANGUAGE_STANDARD = gnu99;
				GCC_WARN_64_TO_32_BIT_CONVERSION = YES;
				GCC_WARN_ABOUT_RETURN_TYPE = YES_ERROR;
				GCC_WARN_UNDECLARED_SELECTOR = YES;
				GCC_WARN_UNINITIALIZED_AUTOS = YES_AGGRESSIVE;
				GCC_WARN_UNUSED_FUNCTION = YES;
				GCC_WARN_UNUSED_VARIABLE = YES;
				IPHONEOS_DEPLOYMENT_TARGET = 7.1;
				SDKROOT = iphoneos;
				VALIDATE_PRODUCT = YES;
			};
			name = Release;
		};
		5314FEB719133E01009A0CCF /* Debug */ = {
			isa = XCBuildConfiguration;
			buildSettings = {
				ASSETCATALOG_COMPILER_APPICON_NAME = AppIcon;
				ASSETCATALOG_COMPILER_LAUNCHIMAGE_NAME = LaunchImage;
				GCC_PRECOMPILE_PREFIX_HEADER = YES;
				GCC_PREFIX_HEADER = "Plinko/Plinko-Prefix.pch";
				INFOPLIST_FILE = "Plinko/Plinko-Info.plist";
				PRODUCT_NAME = "$(TARGET_NAME)";
				SPRITEKIT_TEXTURE_ATLAS_OUTPUT = YES;
				WRAPPER_EXTENSION = app;
			};
			name = Debug;
		};
		5314FEB819133E01009A0CCF /* Release */ = {
			isa = XCBuildConfiguration;
			buildSettings = {
				ASSETCATALOG_COMPILER_APPICON_NAME = AppIcon;
				ASSETCATALOG_COMPILER_LAUNCHIMAGE_NAME = LaunchImage;
				GCC_PRECOMPILE_PREFIX_HEADER = YES;
				GCC_PREFIX_HEADER = "Plinko/Plinko-Prefix.pch";
				INFOPLIST_FILE = "Plinko/Plinko-Info.plist";
				PRODUCT_NAME = "$(TARGET_NAME)";
				SPRITEKIT_TEXTURE_ATLAS_OUTPUT = YES;
				WRAPPER_EXTENSION = app;
			};
			name = Release;
		};
		5314FEBA19133E01009A0CCF /* Debug */ = {
			isa = XCBuildConfiguration;
			buildSettings = {
				BUNDLE_LOADER = "$(BUILT_PRODUCTS_DIR)/Plinko.app/Plinko";
				FRAMEWORK_SEARCH_PATHS = (
					"$(SDKROOT)/Developer/Library/Frameworks",
					"$(inherited)",
					"$(DEVELOPER_FRAMEWORKS_DIR)",
				);
				GCC_PRECOMPILE_PREFIX_HEADER = YES;
				GCC_PREFIX_HEADER = "Plinko/Plinko-Prefix.pch";
				GCC_PREPROCESSOR_DEFINITIONS = (
					"DEBUG=1",
					"$(inherited)",
				);
				INFOPLIST_FILE = "PlinkoTests/PlinkoTests-Info.plist";
				PRODUCT_NAME = "$(TARGET_NAME)";
				TEST_HOST = "$(BUNDLE_LOADER)";
				WRAPPER_EXTENSION = xctest;
			};
			name = Debug;
		};
		5314FEBB19133E01009A0CCF /* Release */ = {
			isa = XCBuildConfiguration;
			buildSettings = {
				BUNDLE_LOADER = "$(BUILT_PRODUCTS_DIR)/Plinko.app/Plinko";
				FRAMEWORK_SEARCH_PATHS = (
					"$(SDKROOT)/Developer/Library/Frameworks",
					"$(inherited)",
					"$(DEVELOPER_FRAMEWORKS_DIR)",
				);
				GCC_PRECOMPILE_PREFIX_HEADER = YES;
				GCC_PREFIX_HEADER = "Plinko/Plinko-Prefix.pch";
				INFOPLIST_FILE = "PlinkoTests/PlinkoTests-Info.plist";
				PRODUCT_NAME = "$(TARGET_NAME)";
				TEST_HOST = "$(BUNDLE_LOADER)";
				WRAPPER_EXTENSION = xctest;
			};
			name = Release;
		};
/* End XCBuildConfiguration section */

/* Begin XCConfigurationList section */
		5314FE7819133E00009A0CCF /* Build configuration list for PBXProject "Plinko" */ = {
			isa = XCConfigurationList;
			buildConfigurations = (
				5314FEB419133E01009A0CCF /* Debug */,
				5314FEB519133E01009A0CCF /* Release */,
			);
			defaultConfigurationIsVisible = 0;
			defaultConfigurationName = Release;
		};
		5314FEB619133E01009A0CCF /* Build configuration list for PBXNativeTarget "Plinko" */ = {
			isa = XCConfigurationList;
			buildConfigurations = (
				5314FEB719133E01009A0CCF /* Debug */,
				5314FEB819133E01009A0CCF /* Release */,
			);
			defaultConfigurationIsVisible = 0;
		};
		5314FEB919133E01009A0CCF /* Build configuration list for PBXNativeTarget "PlinkoTests" */ = {
			isa = XCConfigurationList;
			buildConfigurations = (
				5314FEBA19133E01009A0CCF /* Debug */,
				5314FEBB19133E01009A0CCF /* Release */,
			);
			defaultConfigurationIsVisible = 0;
		};
/* End XCConfigurationList section */
	};
	rootObject = 5314FE7519133E00009A0CCF /* Project object */;
}
